{
  "requires": true,
  "lockfileVersion": 1,
  "dependencies": {
    "@angular/material": {
      "version": "13.2.1",
      "resolved": "https://registry.npmjs.org/@angular/material/-/material-13.2.1.tgz",
      "integrity": "sha512-8pJuDsUqWDJemjog/18qrQf72K/BiptDCEY3PfvBK1Wkya6qUKfHKI/iCsToJL56vZ4N07hQHBe/KmYusZtHrQ==",
      "requires": {
        "tslib": "^2.3.0"
      }
    },
    "tslib": {
      "version": "2.3.1",
      "resolved": "https://registry.npmjs.org/tslib/-/tslib-2.3.1.tgz",
      "integrity": "sha512-77EbyPPpMz+FRFRuAFlWMtmgUWGe9UOG2Z25NqCwiIjRhOf5iKGuzSe5P2w1laq+FkRy4p+PCuVkJSGkzTEKVw=="
    }
  }
}
